<Solution>
  <Project Path="MeijerProducts.Tests/MeijerProducts.Tests.csproj" />
  <Project Path="MeijerProducts/MeijerProducts.csproj">
    <Deploy Solution="Debug|*" />
  </Project>
  <Project Path="MeijerProducts.Api/MeijerProducts.Api.csproj" />
  <Project Path="MeijerProducts.Api.Tests/MeijerProducts.Api.Tests.csproj" />
</Solution>
